// !$*UTF8*$!
{
	archiveVersion = 1;
	classes = {
	};
	objectVersion = 46;
	objects = {

/* Begin PBXBuildFile section */
		94FEF5481C1375850037F992 /* AppDelegate.swift in Sources */ = {isa = PBXBuildFile; fileRef = 94FEF5471C1375850037F992 /* AppDelegate.swift */; };
		94FEF54A1C1375850037F992 /* ViewController.swift in Sources */ = {isa = PBXBuildFile; fileRef = 94FEF5491C1375850037F992 /* ViewController.swift */; };
		94FEF54D1C1375850037F992 /* Main.storyboard in Resources */ = {isa = PBXBuildFile; fileRef = 94FEF54B1C1375850037F992 /* Main.storyboard */; };
		94FEF54F1C1375860037F992 /* Assets.xcassets in Resources */ = {isa = PBXBuildFile; fileRef = 94FEF54E1C1375860037F992 /* Assets.xcassets */; };
		94FEF5521C1375860037F992 /* LaunchScreen.storyboard in Resources */ = {isa = PBXBuildFile; fileRef = 94FEF5501C1375860037F992 /* LaunchScreen.storyboard */; };
		94FEF55D1C1375860037F992 /* tipsTests.swift in Sources */ = {isa = PBXBuildFile; fileRef = 94FEF55C1C1375860037F992 /* tipsTests.swift */; };
		94FEF5681C1375860037F992 /* tipsUITests.swift in Sources */ = {isa = PBXBuildFile; fileRef = 94FEF5671C1375860037F992 /* tipsUITests.swift */; };
/* End PBXBuildFile section */

/* Begin PBXContainerItemProxy section */
		94FEF5591C1375860037F992 /* PBXContainerItemProxy */ = {
			isa = PBXContainerItemProxy;
			containerPortal = 94FEF53C1C1375850037F992 /* Project object */;
			proxyType = 1;
			remoteGlobalIDString = 94FEF5431C1375850037F992;
			remoteInfo = tips;
		};
		94FEF5641C1375860037F992 /* PBXContainerItemProxy */ = {
			isa = PBXContainerItemProxy;
			containerPortal = 94FEF53C1C1375850037F992 /* Project object */;
			proxyType = 1;
			remoteGlobalIDString = 94FEF5431C1375850037F992;
			remoteInfo = tips;
		};
/* End PBXContainerItemProxy section */

/* Begin PBXFileReference section */
		94FEF5441C1375850037F992 /* tips.app */ = {isa = PBXFileReference; explicitFileType = wrapper.application; includeInIndex = 0; path = tips.app; sourceTree = BUILT_PRODUCTS_DIR; };
		94FEF5471C1375850037F992 /* AppDelegate.swift */ = {isa = PBXFileReference; lastKnownFileType = sourcecode.swift; path = AppDelegate.swift; sourceTree = "<group>"; };
		94FEF5491C1375850037F992 /* ViewController.swift */ = {isa = PBXFileReference; lastKnownFileType = sourcecode.swift; path = ViewController.swift; sourceTree = "<group>"; };
		94FEF54C1C1375850037F992 /* Base */ = {isa = PBXFileReference; lastKnownFileType = file.storyboard; name = Base; path = Base.lproj/Main.storyboard; sourceTree = "<group>"; };
		94FEF54E1C1375860037F992 /* Assets.xcassets */ = {isa = PBXFileReference; lastKnownFileType = folder.assetcatalog; path = Assets.xcassets; sourceTree = "<group>"; };
		94FEF5511C1375860037F992 /* Base */ = {isa = PBXFileReference; lastKnownFileType = file.storyboard; name = Base; path = Base.lproj/LaunchScreen.storyboard; sourceTree = "<group>"; };
		94FEF5531C1375860037F992 /* Info.plist */ = {isa = PBXFileReference; lastKnownFileType = text.plist.xml; path = Info.plist; sourceTree = "<group>"; };
		94FEF5581C1375860037F992 /* tipsTests.xctest */ = {isa = PBXFileReference; explicitFileType = wrapper.cfbundle; includeInIndex = 0; path = tipsTests.xctest; sourceTree = BUILT_PRODUCTS_DIR; };
		94FEF55C1C1375860037F992 /* tipsTests.swift */ = {isa = PBXFileReference; lastKnownFileType = sourcecode.swift; path = tipsTests.swift; sourceTree = "<group>"; };
		94FEF55E1C1375860037F992 /* Info.plist */ = {isa = PBXFileReference; lastKnownFileType = text.plist.xml; path = Info.plist; sourceTree = "<group>"; };
		94FEF5631C1375860037F992 /* tipsUITests.xctest */ = {isa = PBXFileReference; explicitFileType = wrapper.cfbundle; includeInIndex = 0; path = tipsUITests.xctest; sourceTree = BUILT_PRODUCTS_DIR; };
		94FEF5671C1375860037F992 /* tipsUITests.swift */ = {isa = PBXFileReference; lastKnownFileType = sourcecode.swift; path = tipsUITests.swift; sourceTree = "<group>"; };
		94FEF5691C1375860037F992 /* Info.plist */ = {isa = PBXFileReference; lastKnownFileType = text.plist.xml; path = Info.plist; sourceTree = "<group>"; };
/* End PBXFileReference section */

/* Begin PBXFrameworksBuildPhase section */
		94FEF5411C1375850037F992 /* Frameworks */ = {
			isa = PBXFrameworksBuildPhase;
			buildActionMask = 2147483647;
			files = (
			);
			runOnlyForDeploymentPostprocessing = 0;
		};
		94FEF5551C1375860037F992 /* Frameworks */ = {
			isa = PBXFrameworksBuildPhase;
			buildActionMask = 2147483647;
			files = (
			);
			runOnlyForDeploymentPostprocessing = 0;
		};
		94FEF5601C1375860037F992 /* Frameworks */ = {
			isa = PBXFrameworksBuildPhase;
			buildActionMask = 2147483647;
			files = (
			);
			runOnlyForDeploymentPostprocessing = 0;
		};
/* End PBXFrameworksBuildPhase section */

/* Begin PBXGroup section */
		94FEF53B1C1375840037F992 = {
			isa = PBXGroup;
			children = (
				94FEF5461C1375850037F992 /* tips */,
				94FEF55B1C1375860037F992 /* tipsTests */,
				94FEF5661C1375860037F992 /* tipsUITests */,
				94FEF5451C1375850037F992 /* Products */,
			);
			sourceTree = "<group>";
		};
		94FEF5451C1375850037F992 /* Products */ = {
			isa = PBXGroup;
			children = (
				94FEF5441C1375850037F992 /* tips.app */,
				94FEF5581C1375860037F992 /* tipsTests.xctest */,
				94FEF5631C1375860037F992 /* tipsUITests.xctest */,
			);
			name = Products;
			sourceTree = "<group>";
		};
		94FEF5461C1375850037F992 /* tips */ = {
			isa = PBXGroup;
			children = (
				94FEF5471C1375850037F992 /* AppDelegate.swift */,
				94FEF5491C1375850037F992 /* ViewController.swift */,
				94FEF54B1C1375850037F992 /* Main.storyboard */,
				94FEF54E1C1375860037F992 /* Assets.xcassets */,
				94FEF5501C1375860037F992 /* LaunchScreen.storyboard */,
				94FEF5531C1375860037F992 /* Info.plist */,
			);
			path = tips;
			sourceTree = "<group>";
		};
		94FEF55B1C1375860037F992 /* tipsTests */ = {
			isa = PBXGroup;
			children = (
				94FEF55C1C1375860037F992 /* tipsTests.swift */,
				94FEF55E1C1375860037F992 /* Info.plist */,
			);
			path = tipsTests;
			sourceTree = "<group>";
		};
		94FEF5661C1375860037F992 /* tipsUITests */ = {
			isa = PBXGroup;
			children = (
				94FEF5671C1375860037F992 /* tipsUITests.swift */,
				94FEF5691C1375860037F992 /* Info.plist */,
			);
			path = tipsUITests;
			sourceTree = "<group>";
		};
/* End PBXGroup section */

/* Begin PBXNativeTarget section */
		94FEF5431C1375850037F992 /* tips */ = {
			isa = PBXNativeTarget;
			buildConfigurationList = 94FEF56C1C1375860037F992 /* Build configuration list for PBXNativeTarget "tips" */;
			buildPhases = (
				94FEF5401C1375850037F992 /* Sources */,
				94FEF5411C1375850037F992 /* Frameworks */,
				94FEF5421C1375850037F992 /* Resources */,
			);
			buildRules = (
			);
			dependencies = (
			);
			name = tips;
			productName = tips;
			productReference = 94FEF5441C1375850037F992 /* tips.app */;
			productType = "com.apple.product-type.application";
		};
		94FEF5571C1375860037F992 /* tipsTests */ = {
			isa = PBXNativeTarget;
			buildConfigurationList = 94FEF56F1C1375860037F992 /* Build configuration list for PBXNativeTarget "tipsTests" */;
			buildPhases = (
				94FEF5541C1375860037F992 /* Sources */,
				94FEF5551C1375860037F992 /* Frameworks */,
				94FEF5561C1375860037F992 /* Resources */,
			);
			buildRules = (
			);
			dependencies = (
				94FEF55A1C1375860037F992 /* PBXTargetDependency */,
			);
			name = tipsTests;
			productName = tipsTests;
			productReference = 94FEF5581C1375860037F992 /* tipsTests.xctest */;
			productType = "com.apple.product-type.bundle.unit-test";
		};
		94FEF5621C1375860037F992 /* tipsUITests */ = {
			isa = PBXNativeTarget;
			buildConfigurationList = 94FEF5721C1375860037F992 /* Build configuration list for PBXNativeTarget "tipsUITests" */;
			buildPhases = (
				94FEF55F1C1375860037F992 /* Sources */,
				94FEF5601C1375860037F992 /* Frameworks */,
				94FEF5611C1375860037F992 /* Resources */,
			);
			buildRules = (
			);
			dependencies = (
				94FEF5651C1375860037F992 /* PBXTargetDependency */,
			);
			name = tipsUITests;
			productName = tipsUITests;
			productReference = 94FEF5631C1375860037F992 /* tipsUITests.xctest */;
			productType = "com.apple.product-type.bundle.ui-testing";
		};
/* End PBXNativeTarget section */

/* Begin PBXProject section */
		94FEF53C1C1375850037F992 /* Project object */ = {
			isa = PBXProject;
			attributes = {
				LastSwiftUpdateCheck = 0710;
				LastUpgradeCheck = 0710;
				ORGANIZATIONNAME = RyanJ;
				TargetAttributes = {
					94FEF5431C1375850037F992 = {
						CreatedOnToolsVersion = 7.1.1;
					};
					94FEF5571C1375860037F992 = {
						CreatedOnToolsVersion = 7.1.1;
						TestTargetID = 94FEF5431C1375850037F992;
					};
					94FEF5621C1375860037F992 = {
						CreatedOnToolsVersion = 7.1.1;
						TestTargetID = 94FEF5431C1375850037F992;
					};
				};
			};
			buildConfigurationList = 94FEF53F1C1375850037F992 /* Build configuration list for PBXProject "tips" */;
			compatibilityVersion = "Xcode 3.2";
			developmentRegion = English;
			hasScannedForEncodings = 0;
			knownRegions = (
				en,
				Base,
			);
			mainGroup = 94FEF53B1C1375840037F992;
			productRefGroup = 94FEF5451C1375850037F992 /* Products */;
			projectDirPath = "";
			projectRoot = "";
			targets = (
				94FEF5431C1375850037F992 /* tips */,
				94FEF5571C1375860037F992 /* tipsTests */,
				94FEF5621C1375860037F992 /* tipsUITests */,
			);
		};
/* End PBXProject section */

/* Begin PBXResourcesBuildPhase section */
		94FEF5421C1375850037F992 /* Resources */ = {
			isa = PBXResourcesBuildPhase;
			buildActionMask = 2147483647;
			files = (
				94FEF5521C1375860037F992 /* LaunchScreen.storyboard in Resources */,
				94FEF54F1C1375860037F992 /* Assets.xcassets in Resources */,
				94FEF54D1C1375850037F992 /* Main.storyboard in Resources */,
			);
			runOnlyForDeploymentPostprocessing = 0;
		};
		94FEF5561C1375860037F992 /* Resources */ = {
			isa = PBXResourcesBuildPhase;
			buildActionMask = 2147483647;
			files = (
			);
			runOnlyForDeploymentPostprocessing = 0;
		};
		94FEF5611C1375860037F992 /* Resources */ = {
			isa = PBXResourcesBuildPhase;
			buildActionMask = 2147483647;
			files = (
			);
			runOnlyForDeploymentPostprocessing = 0;
		};
/* End PBXResourcesBuildPhase section */

/* Begin PBXSourcesBuildPhase section */
		94FEF5401C1375850037F992 /* Sources */ = {
			isa = PBXSourcesBuildPhase;
			buildActionMask = 2147483647;
			files = (
				94FEF54A1C1375850037F992 /* ViewController.swift in Sources */,
				94FEF5481C1375850037F992 /* AppDelegate.swift in Sources */,
			);
			runOnlyForDeploymentPostprocessing = 0;
		};
		94FEF5541C1375860037F992 /* Sources */ = {
			isa = PBXSourcesBuildPhase;
			buildActionMask = 2147483647;
			files = (
				94FEF55D1C1375860037F992 /* tipsTests.swift in Sources */,
			);
			runOnlyForDeploymentPostprocessing = 0;
		};
		94FEF55F1C1375860037F992 /* Sources */ = {
			isa = PBXSourcesBuildPhase;
			buildActionMask = 2147483647;
			files = (
				94FEF5681C1375860037F992 /* tipsUITests.swift in Sources */,
			);
			runOnlyForDeploymentPostprocessing = 0;
		};
/* End PBXSourcesBuildPhase section */

/* Begin PBXTargetDependency section */
		94FEF55A1C1375860037F992 /* PBXTargetDependency */ = {
			isa = PBXTargetDependency;
			target = 94FEF5431C1375850037F992 /* tips */;
			targetProxy = 94FEF5591C1375860037F992 /* PBXContainerItemProxy */;
		};
		94FEF5651C1375860037F992 /* PBXTargetDependency */ = {
			isa = PBXTargetDependency;
			target = 94FEF5431C1375850037F992 /* tips */;
			targetProxy = 94FEF5641C1375860037F992 /* PBXContainerItemProxy */;
		};
/* End PBXTargetDependency section */

/* Begin PBXVariantGroup section */
		94FEF54B1C1375850037F992 /* Main.storyboard */ = {
			isa = PBXVariantGroup;
			children = (
				94FEF54C1C1375850037F992 /* Base */,
			);
			name = Main.storyboard;
			sourceTree = "<group>";
		};
		94FEF5501C1375860037F992 /* LaunchScreen.storyboard */ = {
			isa = PBXVariantGroup;
			children = (
				94FEF5511C1375860037F992 /* Base */,
			);
			name = LaunchScreen.storyboard;
			sourceTree = "<group>";
		};
/* End PBXVariantGroup section */

/* Begin XCBuildConfiguration section */
		94FEF56A1C1375860037F992 /* Debug */ = {
			isa = XCBuildConfiguration;
			buildSettings = {
				ALWAYS_SEARCH_USER_PATHS = NO;
				CLANG_CXX_LANGUAGE_STANDARD = "gnu++0x";
				CLANG_CXX_LIBRARY = "libc++";
				CLANG_ENABLE_MODULES = YES;
				CLANG_ENABLE_OBJC_ARC = YES;
				CLANG_WARN_BOOL_CONVERSION = YES;
				CLANG_WARN_CONSTANT_CONVERSION = YES;
				CLANG_WARN_DIRECT_OBJC_ISA_USAGE = YES_ERROR;
				CLANG_WARN_EMPTY_BODY = YES;
				CLANG_WARN_ENUM_CONVERSION = YES;
				CLANG_WARN_INT_CONVERSION = YES;
				CLANG_WARN_OBJC_ROOT_CLASS = YES_ERROR;
				CLANG_WARN_UNREACHABLE_CODE = YES;
				CLANG_WARN__DUPLICATE_METHOD_MATCH = YES;
				"CODE_SIGN_IDENTITY[sdk=iphoneos*]" = "iPhone Developer";
				COPY_PHASE_STRIP = NO;
				DEBUG_INFORMATION_FORMAT = dwarf;
				ENABLE_STRICT_OBJC_MSGSEND = YES;
				ENABLE_TESTABILITY = YES;
				GCC_C_LANGUAGE_STANDARD = gnu99;
				GCC_DYNAMIC_NO_PIC = NO;
				GCC_NO_COMMON_BLOCKS = YES;
				GCC_OPTIMIZATION_LEVEL = 0;
				GCC_PREPROCESSOR_DEFINITIONS = (
					"DEBUG=1",
					"$(inherited)",
				);
				GCC_WARN_64_TO_32_BIT_CONVERSION = YES;
				GCC_WARN_ABOUT_RETURN_TYPE = YES_ERROR;
				GCC_WARN_UNDECLARED_SELECTOR = YES;
				GCC_WARN_UNINITIALIZED_AUTOS = YES_AGGRESSIVE;
				GCC_WARN_UNUSED_FUNCTION = YES;
				GCC_WARN_UNUSED_VARIABLE = YES;
				IPHONEOS_DEPLOYMENT_TARGET = 9.1;
				MTL_ENABLE_DEBUG_INFO = YES;
				ONLY_ACTIVE_ARCH = YES;
				SDKROOT = iphoneos;
				SWIFT_OPTIMIZATION_LEVEL = "-Onone";
			};
			name = Debug;
		};
		94FEF56B1C1375860037F992 /* Release */ = {
			isa = XCBuildConfiguration;
			buildSettings = {
				ALWAYS_SEARCH_USER_PATHS = NO;
				CLANG_CXX_LANGUAGE_STANDARD = "gnu++0x";
				CLANG_CXX_LIBRARY = "libc++";
				CLANG_ENABLE_MODULES = YES;
				CLANG_ENABLE_OBJC_ARC = YES;
				CLANG_WARN_BOOL_CONVERSION = YES;
				CLANG_WARN_CONSTANT_CONVERSION = YES;
				CLANG_WARN_DIRECT_OBJC_ISA_USAGE = YES_ERROR;
				CLANG_WARN_EMPTY_BODY = YES;
				CLANG_WARN_ENUM_CONVERSION = YES;
				CLANG_WARN_INT_CONVERSION = YES;
				CLANG_WARN_OBJC_ROOT_CLASS = YES_ERROR;
				CLANG_WARN_UNREACHABLE_CODE = YES;
				CLANG_WARN__DUPLICATE_METHOD_MATCH = YES;
				"CODE_SIGN_IDENTITY[sdk=iphoneos*]" = "iPhone Developer";
				COPY_PHASE_STRIP = NO;
				DEBUG_INFORMATION_FORMAT = "dwarf-with-dsym";
				ENABLE_NS_ASSERTIONS = NO;
				ENABLE_STRICT_OBJC_MSGSEND = YES;
				GCC_C_LANGUAGE_STANDARD = gnu99;
				GCC_NO_COMMON_BLOCKS = YES;
				GCC_WARN_64_TO_32_BIT_CONVERSION = YES;
				GCC_WARN_ABOUT_RETURN_TYPE = YES_ERROR;
				GCC_WARN_UNDECLARED_SELECTOR = YES;
				GCC_WARN_UNINITIALIZED_AUTOS = YES_AGGRESSIVE;
				GCC_WARN_UNUSED_FUNCTION = YES;
				GCC_WARN_UNUSED_VARIABLE = YES;
				IPHONEOS_DEPLOYMENT_TARGET = 9.1;
				MTL_ENABLE_DEBUG_INFO = NO;
				SDKROOT = iphoneos;
				VALIDATE_PRODUCT = YES;
			};
			name = Release;
		};
		94FEF56D1C1375860037F992 /* Debug */ = {
			isa = XCBuildConfiguration;
			buildSettings = {
				ASSETCATALOG_COMPILER_APPICON_NAME = AppIcon;
				INFOPLIST_FILE = tips/Info.plist;
				LD_RUNPATH_SEARCH_PATHS = "$(inherited) @executable_path/Frameworks";
				PRODUCT_BUNDLE_IDENTIFIER = ryan.tips;
				PRODUCT_NAME = "$(TARGET_NAME)";
			};
			name = Debug;
		};
		94FEF56E1C1375860037F992 /* Release */ = {
			isa = XCBuildConfiguration;
			buildSettings = {
				ASSETCATALOG_COMPILER_APPICON_NAME = AppIcon;
				INFOPLIST_FILE = tips/Info.plist;
				LD_RUNPATH_SEARCH_PATHS = "$(inherited) @executable_path/Frameworks";
				PRODUCT_BUNDLE_IDENTIFIER = ryan.tips;
				PRODUCT_NAME = "$(TARGET_NAME)";
			};
			name = Release;
		};
		94FEF5701C1375860037F992 /* Debug */ = {
			isa = XCBuildConfiguration;
			buildSettings = {
				BUNDLE_LOADER = "$(TEST_HOST)";
				INFOPLIST_FILE = tipsTests/Info.plist;
				LD_RUNPATH_SEARCH_PATHS = "$(inherited) @executable_path/Frameworks @loader_path/Frameworks";
				PRODUCT_BUNDLE_IDENTIFIER = ryan.tipsTests;
				PRODUCT_NAME = "$(TARGET_NAME)";
				TEST_HOST = "$(BUILT_PRODUCTS_DIR)/tips.app/tips";
			};
			name = Debug;
		};
		94FEF5711C1375860037F992 /* Release */ = {
			isa = XCBuildConfiguration;
			buildSettings = {
				BUNDLE_LOADER = "$(TEST_HOST)";
				INFOPLIST_FILE = tipsTests/Info.plist;
				LD_RUNPATH_SEARCH_PATHS = "$(inherited) @executable_path/Frameworks @loader_path/Frameworks";
				PRODUCT_BUNDLE_IDENTIFIER = ryan.tipsTests;
				PRODUCT_NAME = "$(TARGET_NAME)";
				TEST_HOST = "$(BUILT_PRODUCTS_DIR)/tips.app/tips";
			};
			name = Release;
		};
		94FEF5731C1375860037F992 /* Debug */ = {
			isa = XCBuildConfiguration;
			buildSettings = {
				INFOPLIST_FILE = tipsUITests/Info.plist;
				LD_RUNPATH_SEARCH_PATHS = "$(inherited) @executable_path/Frameworks @loader_path/Frameworks";
				PRODUCT_BUNDLE_IDENTIFIER = ryan.tipsUITests;
				PRODUCT_NAME = "$(TARGET_NAME)";
				TEST_TARGET_NAME = tips;
				USES_XCTRUNNER = YES;
			};
			name = Debug;
		};
		94FEF5741C1375860037F992 /* Release */ = {
			isa = XCBuildConfiguration;
			buildSettings = {
				INFOPLIST_FILE = tipsUITests/Info.plist;
				LD_RUNPATH_SEARCH_PATHS = "$(inherited) @executable_path/Frameworks @loader_path/Frameworks";
				PRODUCT_BUNDLE_IDENTIFIER = ryan.tipsUITests;
				PRODUCT_NAME = "$(TARGET_NAME)";
				TEST_TARGET_NAME = tips;
				USES_XCTRUNNER = YES;
			};
			name = Release;
		};
/* End XCBuildConfiguration section */

/* Begin XCConfigurationList section */
		94FEF53F1C1375850037F992 /* Build configuration list for PBXProject "tips" */ = {
			isa = XCConfigurationList;
			buildConfigurations = (
				94FEF56A1C1375860037F992 /* Debug */,
				94FEF56B1C1375860037F992 /* Release */,
			);
			defaultConfigurationIsVisible = 0;
			defaultConfigurationName = Release;
		};
		94FEF56C1C1375860037F992 /* Build configuration list for PBXNativeTarget "tips" */ = {
			isa = XCConfigurationList;
			buildConfigurations = (
				94FEF56D1C1375860037F992 /* Debug */,
				94FEF56E1C1375860037F992 /* Release */,
			);
			defaultConfigurationIsVisible = 0;
		};
		94FEF56F1C1375860037F992 /* Build configuration list for PBXNativeTarget "tipsTests" */ = {
			isa = XCConfigurationList;
			buildConfigurations = (
				94FEF5701C1375860037F992 /* Debug */,
				94FEF5711C1375860037F992 /* Release */,
			);
			defaultConfigurationIsVisible = 0;
		};
		94FEF5721C1375860037F992 /* Build configuration list for PBXNativeTarget "tipsUITests" */ = {
			isa = XCConfigurationList;
			buildConfigurations = (
				94FEF5731C1375860037F992 /* Debug */,
				94FEF5741C1375860037F992 /* Release */,
			);
			defaultConfigurationIsVisible = 0;
		};
/* End XCConfigurationList section */
	};
	rootObject = 94FEF53C1C1375850037F992 /* Project object */;
}
